
Microsoft Visual Studio Solution File, Format Version 12.00
# Visual Studio Version 16
VisualStudioVersion = 16.0.28803.352
MinimumVisualStudioVersion = 10.0.40219.1
Project("{9A19103F-16F7-4668-BE54-9A1E7A4F7556}") = "Scrape.Utility", "Scrape.Utility.csproj", "{6463432F-C446-4A5F-A966-EF21623FBA3B}"
EndProject
Project("{FAE04EC0-301F-11D3-BF4B-00C04F79EFBC}") = "Scrape.Utility.Test", "..\Scrape.Utility.Test\Scrape.Utility.Test.csproj", "{96BEA46B-5710-48AF-8755-319E4907493A}"
EndProject
Project("{FAE04EC0-301F-11D3-BF4B-00C04F79EFBC}") = "Scrape.Utility.App", "..\Scrape.Utility.App\Scrape.Utility.App.csproj", "{EFF58F1B-6353-413E-AED4-5A453E9AEE5E}"
EndProject
Global
	GlobalSection(SolutionConfigurationPlatforms) = preSolution
		Debug|Any CPU = Debug|Any CPU
		Release|Any CPU = Release|Any CPU
	EndGlobalSection
	GlobalSection(ProjectConfigurationPlatforms) = postSolution
		{6463432F-C446-4A5F-A966-EF21623FBA3B}.Debug|Any CPU.ActiveCfg = Debug|Any CPU
		{6463432F-C446-4A5F-A966-EF21623FBA3B}.Debug|Any CPU.Build.0 = Debug|Any CPU
		{6463432F-C446-4A5F-A966-EF21623FBA3B}.Release|Any CPU.ActiveCfg = Release|Any CPU
		{6463432F-C446-4A5F-A966-EF21623FBA3B}.Release|Any CPU.Build.0 = Release|Any CPU
		{96BEA46B-5710-48AF-8755-319E4907493A}.Debug|Any CPU.ActiveCfg = Debug|Any CPU
		{96BEA46B-5710-48AF-8755-319E4907493A}.Debug|Any CPU.Build.0 = Debug|Any CPU
		{96BEA46B-5710-48AF-8755-319E4907493A}.Release|Any CPU.ActiveCfg = Release|Any CPU
		{96BEA46B-5710-48AF-8755-319E4907493A}.Release|Any CPU.Build.0 = Release|Any CPU
		{EFF58F1B-6353-413E-AED4-5A453E9AEE5E}.Debug|Any CPU.ActiveCfg = Debug|Any CPU
		{EFF58F1B-6353-413E-AED4-5A453E9AEE5E}.Debug|Any CPU.Build.0 = Debug|Any CPU
		{EFF58F1B-6353-413E-AED4-5A453E9AEE5E}.Release|Any CPU.ActiveCfg = Release|Any CPU
		{EFF58F1B-6353-413E-AED4-5A453E9AEE5E}.Release|Any CPU.Build.0 = Release|Any CPU
	EndGlobalSection
	GlobalSection(SolutionProperties) = preSolution
		HideSolutionNode = FALSE
	EndGlobalSection
	GlobalSection(ExtensibilityGlobals) = postSolution
		SolutionGuid = {3354B17A-84C4-41E0-A4EE-B2A955F44D6B}
	EndGlobalSection
EndGlobal
